
Microsoft Visual Studio Solution File, Format Version 12.00
# Visual Studio Version 17
VisualStudioVersion = 17.2.32505.173
MinimumVisualStudioVersion = 10.0.40219.1
Project("{FAE04EC0-301F-11D3-BF4B-00C04F79EFBC}") = "DesignPatterns", "DesignPatterns.csproj", "{4686B1E7-2B3E-4C55-B99D-B9FEA7A3DB8D}"
EndProject
Project("{FAE04EC0-301F-11D3-BF4B-00C04F79EFBC}") = "DesignPatterns.Test", "..\DesignPatterns.Test\DesignPatterns.Test.csproj", "{B4E3848D-7748-42E2-84EB-BDD9A79B7876}"
EndProject
Global
	GlobalSection(SolutionConfigurationPlatforms) = preSolution
		Debug|Any CPU = Debug|Any CPU
		Release|Any CPU = Release|Any CPU
	EndGlobalSection
	GlobalSection(ProjectConfigurationPlatforms) = postSolution
		{4686B1E7-2B3E-4C55-B99D-B9FEA7A3DB8D}.Debug|Any CPU.ActiveCfg = Debug|Any CPU
		{4686B1E7-2B3E-4C55-B99D-B9FEA7A3DB8D}.Debug|Any CPU.Build.0 = Debug|Any CPU
		{4686B1E7-2B3E-4C55-B99D-B9FEA7A3DB8D}.Release|Any CPU.ActiveCfg = Release|Any CPU
		{4686B1E7-2B3E-4C55-B99D-B9FEA7A3DB8D}.Release|Any CPU.Build.0 = Release|Any CPU
		{B4E3848D-7748-42E2-84EB-BDD9A79B7876}.Debug|Any CPU.ActiveCfg = Debug|Any CPU
		{B4E3848D-7748-42E2-84EB-BDD9A79B7876}.Debug|Any CPU.Build.0 = Debug|Any CPU
		{B4E3848D-7748-42E2-84EB-BDD9A79B7876}.Release|Any CPU.ActiveCfg = Release|Any CPU
		{B4E3848D-7748-42E2-84EB-BDD9A79B7876}.Release|Any CPU.Build.0 = Release|Any CPU
	EndGlobalSection
	GlobalSection(SolutionProperties) = preSolution
		HideSolutionNode = FALSE
	EndGlobalSection
	GlobalSection(ExtensibilityGlobals) = postSolution
		SolutionGuid = {1006DA69-81F7-461F-97F6-C7A8D5B2086F}
	EndGlobalSection
EndGlobal
